
Microsoft Visual Studio Solution File, Format Version 12.00
# Visual Studio Version 17
VisualStudioVersion = 17.10.35004.147
MinimumVisualStudioVersion = 10.0.40219.1
Project("{8BC9CEB8-8B4A-11D0-8D11-00A0C91BC942}") = "Ejercicios", "Ejercicios\Ejercicios.vcxproj", "{A8B2B7B7-5335-489D-AB41-A3B7DD142FC8}"
EndProject
Global
	GlobalSection(SolutionConfigurationPlatforms) = preSolution
		Debug|x64 = Debug|x64
		Debug|x86 = Debug|x86
		Release|x64 = Release|x64
		Release|x86 = Release|x86
	EndGlobalSection
	GlobalSection(ProjectConfigurationPlatforms) = postSolution
		{A8B2B7B7-5335-489D-AB41-A3B7DD142FC8}.Debug|x64.ActiveCfg = Debug|x64
		{A8B2B7B7-5335-489D-AB41-A3B7DD142FC8}.Debug|x64.Build.0 = Debug|x64
		{A8B2B7B7-5335-489D-AB41-A3B7DD142FC8}.Debug|x86.ActiveCfg = Debug|Win32
		{A8B2B7B7-5335-489D-AB41-A3B7DD142FC8}.Debug|x86.Build.0 = Debug|Win32
		{A8B2B7B7-5335-489D-AB41-A3B7DD142FC8}.Release|x64.ActiveCfg = Release|x64
		{A8B2B7B7-5335-489D-AB41-A3B7DD142FC8}.Release|x64.Build.0 = Release|x64
		{A8B2B7B7-5335-489D-AB41-A3B7DD142FC8}.Release|x86.ActiveCfg = Release|Win32
		{A8B2B7B7-5335-489D-AB41-A3B7DD142FC8}.Release|x86.Build.0 = Release|Win32
	EndGlobalSection
	GlobalSection(SolutionProperties) = preSolution
		HideSolutionNode = FALSE
	EndGlobalSection
	GlobalSection(ExtensibilityGlobals) = postSolution
		SolutionGuid = {C29C4781-0BC2-4BF4-B951-1AD8B12AD521}
	EndGlobalSection
EndGlobal
