
Microsoft Visual Studio Solution File, Format Version 12.00
# Visual Studio Version 17
VisualStudioVersion = 17.10.35004.147
MinimumVisualStudioVersion = 10.0.40219.1
Project("{8BC9CEB8-8B4A-11D0-8D11-00A0C91BC942}") = "LearningC++", "LearningC++\LearningC++.vcxproj", "{A00C2DEA-B4F3-46AF-A69A-2262513200DF}"
EndProject
Global
	GlobalSection(SolutionConfigurationPlatforms) = preSolution
		Debug|x64 = Debug|x64
		Debug|x86 = Debug|x86
		Release|x64 = Release|x64
		Release|x86 = Release|x86
	EndGlobalSection
	GlobalSection(ProjectConfigurationPlatforms) = postSolution
		{A00C2DEA-B4F3-46AF-A69A-2262513200DF}.Debug|x64.ActiveCfg = Debug|x64
		{A00C2DEA-B4F3-46AF-A69A-2262513200DF}.Debug|x64.Build.0 = Debug|x64
		{A00C2DEA-B4F3-46AF-A69A-2262513200DF}.Debug|x86.ActiveCfg = Debug|Win32
		{A00C2DEA-B4F3-46AF-A69A-2262513200DF}.Debug|x86.Build.0 = Debug|Win32
		{A00C2DEA-B4F3-46AF-A69A-2262513200DF}.Release|x64.ActiveCfg = Release|x64
		{A00C2DEA-B4F3-46AF-A69A-2262513200DF}.Release|x64.Build.0 = Release|x64
		{A00C2DEA-B4F3-46AF-A69A-2262513200DF}.Release|x86.ActiveCfg = Release|Win32
		{A00C2DEA-B4F3-46AF-A69A-2262513200DF}.Release|x86.Build.0 = Release|Win32
	EndGlobalSection
	GlobalSection(SolutionProperties) = preSolution
		HideSolutionNode = FALSE
	EndGlobalSection
	GlobalSection(ExtensibilityGlobals) = postSolution
		SolutionGuid = {76A6CF09-6A37-4F7D-B5A6-1198F4EF2F7A}
	EndGlobalSection
EndGlobal
